
Microsoft Visual Studio Solution File, Format Version 12.00
# Visual Studio Version 17
VisualStudioVersion = 17.0.31903.59
MinimumVisualStudioVersion = 10.0.40219.1
Project("{FAE04EC0-301F-11D3-BF4B-00C04F79EFBC}") = "AnnouncementAPI", "AnnouncementAPI.csproj", "{BE4BE5DE-B9CE-41FB-BCC7-8D6D8E881494}"
EndProject
Project("{2150E333-8FDC-42A3-9474-1A3956D46DE8}") = "Solution Items", "Solution Items", "{9D2FC889-46BB-455D-8C5F-1F6960D58C8F}"
	ProjectSection(SolutionItems) = preProject
		.editorconfig = .editorconfig
	EndProjectSection
EndProject
Global
	GlobalSection(SolutionConfigurationPlatforms) = preSolution
		Debug|Any CPU = Debug|Any CPU
		Release|Any CPU = Release|Any CPU
	EndGlobalSection
	GlobalSection(ProjectConfigurationPlatforms) = postSolution
		{BE4BE5DE-B9CE-41FB-BCC7-8D6D8E881494}.Debug|Any CPU.ActiveCfg = Debug|Any CPU
		{BE4BE5DE-B9CE-41FB-BCC7-8D6D8E881494}.Debug|Any CPU.Build.0 = Debug|Any CPU
		{BE4BE5DE-B9CE-41FB-BCC7-8D6D8E881494}.Release|Any CPU.ActiveCfg = Release|Any CPU
		{BE4BE5DE-B9CE-41FB-BCC7-8D6D8E881494}.Release|Any CPU.Build.0 = Release|Any CPU
	EndGlobalSection
	GlobalSection(SolutionProperties) = preSolution
		HideSolutionNode = FALSE
	EndGlobalSection
	GlobalSection(ExtensibilityGlobals) = postSolution
		SolutionGuid = {6F05DF63-230B-48BA-8204-6327CAA2ED98}
	EndGlobalSection
EndGlobal
